
Microsoft Visual Studio Solution File, Format Version 12.00
# Visual Studio 2013
VisualStudioVersion = 12.0.31101.0
MinimumVisualStudioVersion = 10.0.40219.1
Project("{FAE04EC0-301F-11D3-BF4B-00C04F79EFBC}") = "CameraCaptureForm", "CameraCaptureForm\CameraCaptureForm.csproj", "{2B6B041C-BF93-4E41-9088-A930CC047B4A}"
EndProject
Global
	GlobalSection(SolutionConfigurationPlatforms) = preSolution
		CD_ROM|Any CPU = CD_ROM|Any CPU
		CD_ROM|Mixed Platforms = CD_ROM|Mixed Platforms
		CD_ROM|x86 = CD_ROM|x86
		Debug|Any CPU = Debug|Any CPU
		Debug|Mixed Platforms = Debug|Mixed Platforms
		Debug|x86 = Debug|x86
		DVD-5|Any CPU = DVD-5|Any CPU
		DVD-5|Mixed Platforms = DVD-5|Mixed Platforms
		DVD-5|x86 = DVD-5|x86
		Release|Any CPU = Release|Any CPU
		Release|Mixed Platforms = Release|Mixed Platforms
		Release|x86 = Release|x86
		SingleImage|Any CPU = SingleImage|Any CPU
		SingleImage|Mixed Platforms = SingleImage|Mixed Platforms
		SingleImage|x86 = SingleImage|x86
	EndGlobalSection
	GlobalSection(ProjectConfigurationPlatforms) = postSolution
		{2B6B041C-BF93-4E41-9088-A930CC047B4A}.CD_ROM|Any CPU.ActiveCfg = Release|x86
		{2B6B041C-BF93-4E41-9088-A930CC047B4A}.CD_ROM|Mixed Platforms.ActiveCfg = Release|x86
		{2B6B041C-BF93-4E41-9088-A930CC047B4A}.CD_ROM|Mixed Platforms.Build.0 = Release|x86
		{2B6B041C-BF93-4E41-9088-A930CC047B4A}.CD_ROM|x86.ActiveCfg = Release|x86
		{2B6B041C-BF93-4E41-9088-A930CC047B4A}.CD_ROM|x86.Build.0 = Release|x86
		{2B6B041C-BF93-4E41-9088-A930CC047B4A}.Debug|Any CPU.ActiveCfg = Debug|x86
		{2B6B041C-BF93-4E41-9088-A930CC047B4A}.Debug|Mixed Platforms.ActiveCfg = Debug|x86
		{2B6B041C-BF93-4E41-9088-A930CC047B4A}.Debug|Mixed Platforms.Build.0 = Debug|x86
		{2B6B041C-BF93-4E41-9088-A930CC047B4A}.Debug|x86.ActiveCfg = Debug|x86
		{2B6B041C-BF93-4E41-9088-A930CC047B4A}.Debug|x86.Build.0 = Debug|x86
		{2B6B041C-BF93-4E41-9088-A930CC047B4A}.DVD-5|Any CPU.ActiveCfg = Debug|x86
		{2B6B041C-BF93-4E41-9088-A930CC047B4A}.DVD-5|Mixed Platforms.ActiveCfg = Debug|x86
		{2B6B041C-BF93-4E41-9088-A930CC047B4A}.DVD-5|Mixed Platforms.Build.0 = Debug|x86
		{2B6B041C-BF93-4E41-9088-A930CC047B4A}.DVD-5|x86.ActiveCfg = Debug|x86
		{2B6B041C-BF93-4E41-9088-A930CC047B4A}.DVD-5|x86.Build.0 = Debug|x86
		{2B6B041C-BF93-4E41-9088-A930CC047B4A}.Release|Any CPU.ActiveCfg = Release|x86
		{2B6B041C-BF93-4E41-9088-A930CC047B4A}.Release|Mixed Platforms.ActiveCfg = Release|x86
		{2B6B041C-BF93-4E41-9088-A930CC047B4A}.Release|Mixed Platforms.Build.0 = Release|x86
		{2B6B041C-BF93-4E41-9088-A930CC047B4A}.Release|x86.ActiveCfg = Release|x86
		{2B6B041C-BF93-4E41-9088-A930CC047B4A}.Release|x86.Build.0 = Release|x86
		{2B6B041C-BF93-4E41-9088-A930CC047B4A}.SingleImage|Any CPU.ActiveCfg = Release|x86
		{2B6B041C-BF93-4E41-9088-A930CC047B4A}.SingleImage|Mixed Platforms.ActiveCfg = Release|x86
		{2B6B041C-BF93-4E41-9088-A930CC047B4A}.SingleImage|Mixed Platforms.Build.0 = Release|x86
		{2B6B041C-BF93-4E41-9088-A930CC047B4A}.SingleImage|x86.ActiveCfg = Release|x86
		{2B6B041C-BF93-4E41-9088-A930CC047B4A}.SingleImage|x86.Build.0 = Release|x86
	EndGlobalSection
	GlobalSection(SolutionProperties) = preSolution
		HideSolutionNode = FALSE
	EndGlobalSection
EndGlobal
